
Microsoft Visual Studio Solution File, Format Version 12.00
# Visual Studio Version 17
VisualStudioVersion = 17.10.34607.79
MinimumVisualStudioVersion = 10.0.40219.1
Project("{FAE04EC0-301F-11D3-BF4B-00C04F79EFBC}") = "LibraryAPI", "LibraryAPI\LibraryAPI.csproj", "{0E79A492-4273-49EC-A092-873086C88E58}"
EndProject
Project("{FAE04EC0-301F-11D3-BF4B-00C04F79EFBC}") = "LibraryAPI.Tests", "LibraryAPI.Tests\LibraryAPI.Tests.csproj", "{1ACC8C58-CB94-4495-9A26-5DD18B80F0F4}"
EndProject
Global
	GlobalSection(SolutionConfigurationPlatforms) = preSolution
		Debug|Any CPU = Debug|Any CPU
		Release|Any CPU = Release|Any CPU
	EndGlobalSection
	GlobalSection(ProjectConfigurationPlatforms) = postSolution
		{0E79A492-4273-49EC-A092-873086C88E58}.Debug|Any CPU.ActiveCfg = Debug|Any CPU
		{0E79A492-4273-49EC-A092-873086C88E58}.Debug|Any CPU.Build.0 = Debug|Any CPU
		{0E79A492-4273-49EC-A092-873086C88E58}.Release|Any CPU.ActiveCfg = Release|Any CPU
		{0E79A492-4273-49EC-A092-873086C88E58}.Release|Any CPU.Build.0 = Release|Any CPU
		{1ACC8C58-CB94-4495-9A26-5DD18B80F0F4}.Debug|Any CPU.ActiveCfg = Debug|Any CPU
		{1ACC8C58-CB94-4495-9A26-5DD18B80F0F4}.Debug|Any CPU.Build.0 = Debug|Any CPU
		{1ACC8C58-CB94-4495-9A26-5DD18B80F0F4}.Release|Any CPU.ActiveCfg = Release|Any CPU
		{1ACC8C58-CB94-4495-9A26-5DD18B80F0F4}.Release|Any CPU.Build.0 = Release|Any CPU
	EndGlobalSection
	GlobalSection(SolutionProperties) = preSolution
		HideSolutionNode = FALSE
	EndGlobalSection
	GlobalSection(ExtensibilityGlobals) = postSolution
		SolutionGuid = {A257BF05-0CF4-4CAE-A0FC-83B5637BA087}
	EndGlobalSection
EndGlobal
